
Microsoft Visual Studio Solution File, Format Version 12.00
# Visual Studio Version 16
VisualStudioVersion = 16.0.31112.23
MinimumVisualStudioVersion = 10.0.40219.1
Project("{FAE04EC0-301F-11D3-BF4B-00C04F79EFBC}") = "VehicleApp", "VehicleApp\VehicleApp.csproj", "{CED37006-0252-45C5-B5F1-2809091717F0}"
EndProject
Global
	GlobalSection(SolutionConfigurationPlatforms) = preSolution
		Debug|Any CPU = Debug|Any CPU
		Release|Any CPU = Release|Any CPU
	EndGlobalSection
	GlobalSection(ProjectConfigurationPlatforms) = postSolution
		{CED37006-0252-45C5-B5F1-2809091717F0}.Debug|Any CPU.ActiveCfg = Debug|Any CPU
		{CED37006-0252-45C5-B5F1-2809091717F0}.Debug|Any CPU.Build.0 = Debug|Any CPU
		{CED37006-0252-45C5-B5F1-2809091717F0}.Release|Any CPU.ActiveCfg = Release|Any CPU
		{CED37006-0252-45C5-B5F1-2809091717F0}.Release|Any CPU.Build.0 = Release|Any CPU
	EndGlobalSection
	GlobalSection(SolutionProperties) = preSolution
		HideSolutionNode = FALSE
	EndGlobalSection
	GlobalSection(ExtensibilityGlobals) = postSolution
		SolutionGuid = {4F06D659-90CC-4784-8B65-9522D556134B}
	EndGlobalSection
EndGlobal
